// !$*UTF8*$!
{
	archiveVersion = 1;
	classes = {
	};
	objectVersion = 46;
	objects = {

/* Begin PBXBuildFile section */
		D0F001C41C8FA191007B1961 /* AppDelegate.swift in Sources */ = {isa = PBXBuildFile; fileRef = D0F001C31C8FA191007B1961 /* AppDelegate.swift */; };
		D0F001C61C8FA191007B1961 /* ViewController.swift in Sources */ = {isa = PBXBuildFile; fileRef = D0F001C51C8FA191007B1961 /* ViewController.swift */; };
		D0F001C91C8FA191007B1961 /* Main.storyboard in Resources */ = {isa = PBXBuildFile; fileRef = D0F001C71C8FA191007B1961 /* Main.storyboard */; };
		D0F001CB1C8FA191007B1961 /* Assets.xcassets in Resources */ = {isa = PBXBuildFile; fileRef = D0F001CA1C8FA191007B1961 /* Assets.xcassets */; };
		D0F001CE1C8FA191007B1961 /* LaunchScreen.storyboard in Resources */ = {isa = PBXBuildFile; fileRef = D0F001CC1C8FA191007B1961 /* LaunchScreen.storyboard */; };
		D0F001D91C8FA191007B1961 /* GameCenterTestProjectTests.swift in Sources */ = {isa = PBXBuildFile; fileRef = D0F001D81C8FA191007B1961 /* GameCenterTestProjectTests.swift */; };
		D0F001E41C8FA191007B1961 /* GameCenterTestProjectUITests.swift in Sources */ = {isa = PBXBuildFile; fileRef = D0F001E31C8FA191007B1961 /* GameCenterTestProjectUITests.swift */; };
		D0F001F21C91881A007B1961 /* GameKit.framework in Frameworks */ = {isa = PBXBuildFile; fileRef = D0F001F11C91881A007B1961 /* GameKit.framework */; };
/* End PBXBuildFile section */

/* Begin PBXContainerItemProxy section */
		D0F001D51C8FA191007B1961 /* PBXContainerItemProxy */ = {
			isa = PBXContainerItemProxy;
			containerPortal = D0F001B81C8FA191007B1961 /* Project object */;
			proxyType = 1;
			remoteGlobalIDString = D0F001BF1C8FA191007B1961;
			remoteInfo = GameCenterTestProject;
		};
		D0F001E01C8FA191007B1961 /* PBXContainerItemProxy */ = {
			isa = PBXContainerItemProxy;
			containerPortal = D0F001B81C8FA191007B1961 /* Project object */;
			proxyType = 1;
			remoteGlobalIDString = D0F001BF1C8FA191007B1961;
			remoteInfo = GameCenterTestProject;
		};
/* End PBXContainerItemProxy section */

/* Begin PBXFileReference section */
		D0F001C01C8FA191007B1961 /* GameCenterTestProject.app */ = {isa = PBXFileReference; explicitFileType = wrapper.application; includeInIndex = 0; path = GameCenterTestProject.app; sourceTree = BUILT_PRODUCTS_DIR; };
		D0F001C31C8FA191007B1961 /* AppDelegate.swift */ = {isa = PBXFileReference; lastKnownFileType = sourcecode.swift; path = AppDelegate.swift; sourceTree = "<group>"; };
		D0F001C51C8FA191007B1961 /* ViewController.swift */ = {isa = PBXFileReference; lastKnownFileType = sourcecode.swift; path = ViewController.swift; sourceTree = "<group>"; };
		D0F001C81C8FA191007B1961 /* Base */ = {isa = PBXFileReference; lastKnownFileType = file.storyboard; name = Base; path = Base.lproj/Main.storyboard; sourceTree = "<group>"; };
		D0F001CA1C8FA191007B1961 /* Assets.xcassets */ = {isa = PBXFileReference; lastKnownFileType = folder.assetcatalog; path = Assets.xcassets; sourceTree = "<group>"; };
		D0F001CD1C8FA191007B1961 /* Base */ = {isa = PBXFileReference; lastKnownFileType = file.storyboard; name = Base; path = Base.lproj/LaunchScreen.storyboard; sourceTree = "<group>"; };
		D0F001CF1C8FA191007B1961 /* Info.plist */ = {isa = PBXFileReference; lastKnownFileType = text.plist.xml; path = Info.plist; sourceTree = "<group>"; };
		D0F001D41C8FA191007B1961 /* GameCenterTestProjectTests.xctest */ = {isa = PBXFileReference; explicitFileType = wrapper.cfbundle; includeInIndex = 0; path = GameCenterTestProjectTests.xctest; sourceTree = BUILT_PRODUCTS_DIR; };
		D0F001D81C8FA191007B1961 /* GameCenterTestProjectTests.swift */ = {isa = PBXFileReference; lastKnownFileType = sourcecode.swift; path = GameCenterTestProjectTests.swift; sourceTree = "<group>"; };
		D0F001DA1C8FA191007B1961 /* Info.plist */ = {isa = PBXFileReference; lastKnownFileType = text.plist.xml; path = Info.plist; sourceTree = "<group>"; };
		D0F001DF1C8FA191007B1961 /* GameCenterTestProjectUITests.xctest */ = {isa = PBXFileReference; explicitFileType = wrapper.cfbundle; includeInIndex = 0; path = GameCenterTestProjectUITests.xctest; sourceTree = BUILT_PRODUCTS_DIR; };
		D0F001E31C8FA191007B1961 /* GameCenterTestProjectUITests.swift */ = {isa = PBXFileReference; lastKnownFileType = sourcecode.swift; path = GameCenterTestProjectUITests.swift; sourceTree = "<group>"; };
		D0F001E51C8FA191007B1961 /* Info.plist */ = {isa = PBXFileReference; lastKnownFileType = text.plist.xml; path = Info.plist; sourceTree = "<group>"; };
		D0F001F11C91881A007B1961 /* GameKit.framework */ = {isa = PBXFileReference; lastKnownFileType = wrapper.framework; name = GameKit.framework; path = System/Library/Frameworks/GameKit.framework; sourceTree = SDKROOT; };
/* End PBXFileReference section */

/* Begin PBXFrameworksBuildPhase section */
		D0F001BD1C8FA191007B1961 /* Frameworks */ = {
			isa = PBXFrameworksBuildPhase;
			buildActionMask = 2147483647;
			files = (
				D0F001F21C91881A007B1961 /* GameKit.framework in Frameworks */,
			);
			runOnlyForDeploymentPostprocessing = 0;
		};
		D0F001D11C8FA191007B1961 /* Frameworks */ = {
			isa = PBXFrameworksBuildPhase;
			buildActionMask = 2147483647;
			files = (
			);
			runOnlyForDeploymentPostprocessing = 0;
		};
		D0F001DC1C8FA191007B1961 /* Frameworks */ = {
			isa = PBXFrameworksBuildPhase;
			buildActionMask = 2147483647;
			files = (
			);
			runOnlyForDeploymentPostprocessing = 0;
		};
/* End PBXFrameworksBuildPhase section */

/* Begin PBXGroup section */
		D0F001B71C8FA191007B1961 = {
			isa = PBXGroup;
			children = (
				D0F001F11C91881A007B1961 /* GameKit.framework */,
				D0F001C21C8FA191007B1961 /* GameCenterTestProject */,
				D0F001D71C8FA191007B1961 /* GameCenterTestProjectTests */,
				D0F001E21C8FA191007B1961 /* GameCenterTestProjectUITests */,
				D0F001C11C8FA191007B1961 /* Products */,
			);
			sourceTree = "<group>";
		};
		D0F001C11C8FA191007B1961 /* Products */ = {
			isa = PBXGroup;
			children = (
				D0F001C01C8FA191007B1961 /* GameCenterTestProject.app */,
				D0F001D41C8FA191007B1961 /* GameCenterTestProjectTests.xctest */,
				D0F001DF1C8FA191007B1961 /* GameCenterTestProjectUITests.xctest */,
			);
			name = Products;
			sourceTree = "<group>";
		};
		D0F001C21C8FA191007B1961 /* GameCenterTestProject */ = {
			isa = PBXGroup;
			children = (
				D0F001C31C8FA191007B1961 /* AppDelegate.swift */,
				D0F001C51C8FA191007B1961 /* ViewController.swift */,
				D0F001C71C8FA191007B1961 /* Main.storyboard */,
				D0F001CA1C8FA191007B1961 /* Assets.xcassets */,
				D0F001CC1C8FA191007B1961 /* LaunchScreen.storyboard */,
				D0F001CF1C8FA191007B1961 /* Info.plist */,
			);
			path = GameCenterTestProject;
			sourceTree = "<group>";
		};
		D0F001D71C8FA191007B1961 /* GameCenterTestProjectTests */ = {
			isa = PBXGroup;
			children = (
				D0F001D81C8FA191007B1961 /* GameCenterTestProjectTests.swift */,
				D0F001DA1C8FA191007B1961 /* Info.plist */,
			);
			path = GameCenterTestProjectTests;
			sourceTree = "<group>";
		};
		D0F001E21C8FA191007B1961 /* GameCenterTestProjectUITests */ = {
			isa = PBXGroup;
			children = (
				D0F001E31C8FA191007B1961 /* GameCenterTestProjectUITests.swift */,
				D0F001E51C8FA191007B1961 /* Info.plist */,
			);
			path = GameCenterTestProjectUITests;
			sourceTree = "<group>";
		};
/* End PBXGroup section */

/* Begin PBXNativeTarget section */
		D0F001BF1C8FA191007B1961 /* GameCenterTestProject */ = {
			isa = PBXNativeTarget;
			buildConfigurationList = D0F001E81C8FA191007B1961 /* Build configuration list for PBXNativeTarget "GameCenterTestProject" */;
			buildPhases = (
				D0F001BC1C8FA191007B1961 /* Sources */,
				D0F001BD1C8FA191007B1961 /* Frameworks */,
				D0F001BE1C8FA191007B1961 /* Resources */,
			);
			buildRules = (
			);
			dependencies = (
			);
			name = GameCenterTestProject;
			productName = GameCenterTestProject;
			productReference = D0F001C01C8FA191007B1961 /* GameCenterTestProject.app */;
			productType = "com.apple.product-type.application";
		};
		D0F001D31C8FA191007B1961 /* GameCenterTestProjectTests */ = {
			isa = PBXNativeTarget;
			buildConfigurationList = D0F001EB1C8FA191007B1961 /* Build configuration list for PBXNativeTarget "GameCenterTestProjectTests" */;
			buildPhases = (
				D0F001D01C8FA191007B1961 /* Sources */,
				D0F001D11C8FA191007B1961 /* Frameworks */,
				D0F001D21C8FA191007B1961 /* Resources */,
			);
			buildRules = (
			);
			dependencies = (
				D0F001D61C8FA191007B1961 /* PBXTargetDependency */,
			);
			name = GameCenterTestProjectTests;
			productName = GameCenterTestProjectTests;
			productReference = D0F001D41C8FA191007B1961 /* GameCenterTestProjectTests.xctest */;
			productType = "com.apple.product-type.bundle.unit-test";
		};
		D0F001DE1C8FA191007B1961 /* GameCenterTestProjectUITests */ = {
			isa = PBXNativeTarget;
			buildConfigurationList = D0F001EE1C8FA191007B1961 /* Build configuration list for PBXNativeTarget "GameCenterTestProjectUITests" */;
			buildPhases = (
				D0F001DB1C8FA191007B1961 /* Sources */,
				D0F001DC1C8FA191007B1961 /* Frameworks */,
				D0F001DD1C8FA191007B1961 /* Resources */,
			);
			buildRules = (
			);
			dependencies = (
				D0F001E11C8FA191007B1961 /* PBXTargetDependency */,
			);
			name = GameCenterTestProjectUITests;
			productName = GameCenterTestProjectUITests;
			productReference = D0F001DF1C8FA191007B1961 /* GameCenterTestProjectUITests.xctest */;
			productType = "com.apple.product-type.bundle.ui-testing";
		};
/* End PBXNativeTarget section */

/* Begin PBXProject section */
		D0F001B81C8FA191007B1961 /* Project object */ = {
			isa = PBXProject;
			attributes = {
				LastSwiftUpdateCheck = 0720;
				LastUpgradeCheck = 0720;
				ORGANIZATIONNAME = maripara.org;
				TargetAttributes = {
					D0F001BF1C8FA191007B1961 = {
						CreatedOnToolsVersion = 7.2;
						DevelopmentTeam = XFA2BGKS8B;
						SystemCapabilities = {
							com.apple.GameCenter = {
								enabled = 1;
							};
						};
					};
					D0F001D31C8FA191007B1961 = {
						CreatedOnToolsVersion = 7.2;
						TestTargetID = D0F001BF1C8FA191007B1961;
					};
					D0F001DE1C8FA191007B1961 = {
						CreatedOnToolsVersion = 7.2;
						TestTargetID = D0F001BF1C8FA191007B1961;
					};
				};
			};
			buildConfigurationList = D0F001BB1C8FA191007B1961 /* Build configuration list for PBXProject "GameCenterTestProject" */;
			compatibilityVersion = "Xcode 3.2";
			developmentRegion = English;
			hasScannedForEncodings = 0;
			knownRegions = (
				en,
				Base,
			);
			mainGroup = D0F001B71C8FA191007B1961;
			productRefGroup = D0F001C11C8FA191007B1961 /* Products */;
			projectDirPath = "";
			projectRoot = "";
			targets = (
				D0F001BF1C8FA191007B1961 /* GameCenterTestProject */,
				D0F001D31C8FA191007B1961 /* GameCenterTestProjectTests */,
				D0F001DE1C8FA191007B1961 /* GameCenterTestProjectUITests */,
			);
		};
/* End PBXProject section */

/* Begin PBXResourcesBuildPhase section */
		D0F001BE1C8FA191007B1961 /* Resources */ = {
			isa = PBXResourcesBuildPhase;
			buildActionMask = 2147483647;
			files = (
				D0F001CE1C8FA191007B1961 /* LaunchScreen.storyboard in Resources */,
				D0F001CB1C8FA191007B1961 /* Assets.xcassets in Resources */,
				D0F001C91C8FA191007B1961 /* Main.storyboard in Resources */,
			);
			runOnlyForDeploymentPostprocessing = 0;
		};
		D0F001D21C8FA191007B1961 /* Resources */ = {
			isa = PBXResourcesBuildPhase;
			buildActionMask = 2147483647;
			files = (
			);
			runOnlyForDeploymentPostprocessing = 0;
		};
		D0F001DD1C8FA191007B1961 /* Resources */ = {
			isa = PBXResourcesBuildPhase;
			buildActionMask = 2147483647;
			files = (
			);
			runOnlyForDeploymentPostprocessing = 0;
		};
/* End PBXResourcesBuildPhase section */

/* Begin PBXSourcesBuildPhase section */
		D0F001BC1C8FA191007B1961 /* Sources */ = {
			isa = PBXSourcesBuildPhase;
			buildActionMask = 2147483647;
			files = (
				D0F001C61C8FA191007B1961 /* ViewController.swift in Sources */,
				D0F001C41C8FA191007B1961 /* AppDelegate.swift in Sources */,
			);
			runOnlyForDeploymentPostprocessing = 0;
		};
		D0F001D01C8FA191007B1961 /* Sources */ = {
			isa = PBXSourcesBuildPhase;
			buildActionMask = 2147483647;
			files = (
				D0F001D91C8FA191007B1961 /* GameCenterTestProjectTests.swift in Sources */,
			);
			runOnlyForDeploymentPostprocessing = 0;
		};
		D0F001DB1C8FA191007B1961 /* Sources */ = {
			isa = PBXSourcesBuildPhase;
			buildActionMask = 2147483647;
			files = (
				D0F001E41C8FA191007B1961 /* GameCenterTestProjectUITests.swift in Sources */,
			);
			runOnlyForDeploymentPostprocessing = 0;
		};
/* End PBXSourcesBuildPhase section */

/* Begin PBXTargetDependency section */
		D0F001D61C8FA191007B1961 /* PBXTargetDependency */ = {
			isa = PBXTargetDependency;
			target = D0F001BF1C8FA191007B1961 /* GameCenterTestProject */;
			targetProxy = D0F001D51C8FA191007B1961 /* PBXContainerItemProxy */;
		};
		D0F001E11C8FA191007B1961 /* PBXTargetDependency */ = {
			isa = PBXTargetDependency;
			target = D0F001BF1C8FA191007B1961 /* GameCenterTestProject */;
			targetProxy = D0F001E01C8FA191007B1961 /* PBXContainerItemProxy */;
		};
/* End PBXTargetDependency section */

/* Begin PBXVariantGroup section */
		D0F001C71C8FA191007B1961 /* Main.storyboard */ = {
			isa = PBXVariantGroup;
			children = (
				D0F001C81C8FA191007B1961 /* Base */,
			);
			name = Main.storyboard;
			sourceTree = "<group>";
		};
		D0F001CC1C8FA191007B1961 /* LaunchScreen.storyboard */ = {
			isa = PBXVariantGroup;
			children = (
				D0F001CD1C8FA191007B1961 /* Base */,
			);
			name = LaunchScreen.storyboard;
			sourceTree = "<group>";
		};
/* End PBXVariantGroup section */

/* Begin XCBuildConfiguration section */
		D0F001E61C8FA191007B1961 /* Debug */ = {
			isa = XCBuildConfiguration;
			buildSettings = {
				ALWAYS_SEARCH_USER_PATHS = NO;
				CLANG_CXX_LANGUAGE_STANDARD = "gnu++0x";
				CLANG_CXX_LIBRARY = "libc++";
				CLANG_ENABLE_MODULES = YES;
				CLANG_ENABLE_OBJC_ARC = YES;
				CLANG_WARN_BOOL_CONVERSION = YES;
				CLANG_WARN_CONSTANT_CONVERSION = YES;
				CLANG_WARN_DIRECT_OBJC_ISA_USAGE = YES_ERROR;
				CLANG_WARN_EMPTY_BODY = YES;
				CLANG_WARN_ENUM_CONVERSION = YES;
				CLANG_WARN_INT_CONVERSION = YES;
				CLANG_WARN_OBJC_ROOT_CLASS = YES_ERROR;
				CLANG_WARN_UNREACHABLE_CODE = YES;
				CLANG_WARN__DUPLICATE_METHOD_MATCH = YES;
				"CODE_SIGN_IDENTITY[sdk=iphoneos*]" = "iPhone Developer";
				COPY_PHASE_STRIP = NO;
				DEBUG_INFORMATION_FORMAT = dwarf;
				ENABLE_STRICT_OBJC_MSGSEND = YES;
				ENABLE_TESTABILITY = YES;
				GCC_C_LANGUAGE_STANDARD = gnu99;
				GCC_DYNAMIC_NO_PIC = NO;
				GCC_NO_COMMON_BLOCKS = YES;
				GCC_OPTIMIZATION_LEVEL = 0;
				GCC_PREPROCESSOR_DEFINITIONS = (
					"DEBUG=1",
					"$(inherited)",
				);
				GCC_WARN_64_TO_32_BIT_CONVERSION = YES;
				GCC_WARN_ABOUT_RETURN_TYPE = YES_ERROR;
				GCC_WARN_UNDECLARED_SELECTOR = YES;
				GCC_WARN_UNINITIALIZED_AUTOS = YES_AGGRESSIVE;
				GCC_WARN_UNUSED_FUNCTION = YES;
				GCC_WARN_UNUSED_VARIABLE = YES;
				IPHONEOS_DEPLOYMENT_TARGET = 9.2;
				MTL_ENABLE_DEBUG_INFO = YES;
				ONLY_ACTIVE_ARCH = YES;
				SDKROOT = iphoneos;
				SWIFT_OPTIMIZATION_LEVEL = "-Onone";
			};
			name = Debug;
		};
		D0F001E71C8FA191007B1961 /* Release */ = {
			isa = XCBuildConfiguration;
			buildSettings = {
				ALWAYS_SEARCH_USER_PATHS = NO;
				CLANG_CXX_LANGUAGE_STANDARD = "gnu++0x";
				CLANG_CXX_LIBRARY = "libc++";
				CLANG_ENABLE_MODULES = YES;
				CLANG_ENABLE_OBJC_ARC = YES;
				CLANG_WARN_BOOL_CONVERSION = YES;
				CLANG_WARN_CONSTANT_CONVERSION = YES;
				CLANG_WARN_DIRECT_OBJC_ISA_USAGE = YES_ERROR;
				CLANG_WARN_EMPTY_BODY = YES;
				CLANG_WARN_ENUM_CONVERSION = YES;
				CLANG_WARN_INT_CONVERSION = YES;
				CLANG_WARN_OBJC_ROOT_CLASS = YES_ERROR;
				CLANG_WARN_UNREACHABLE_CODE = YES;
				CLANG_WARN__DUPLICATE_METHOD_MATCH = YES;
				"CODE_SIGN_IDENTITY[sdk=iphoneos*]" = "iPhone Developer";
				COPY_PHASE_STRIP = NO;
				DEBUG_INFORMATION_FORMAT = "dwarf-with-dsym";
				ENABLE_NS_ASSERTIONS = NO;
				ENABLE_STRICT_OBJC_MSGSEND = YES;
				GCC_C_LANGUAGE_STANDARD = gnu99;
				GCC_NO_COMMON_BLOCKS = YES;
				GCC_WARN_64_TO_32_BIT_CONVERSION = YES;
				GCC_WARN_ABOUT_RETURN_TYPE = YES_ERROR;
				GCC_WARN_UNDECLARED_SELECTOR = YES;
				GCC_WARN_UNINITIALIZED_AUTOS = YES_AGGRESSIVE;
				GCC_WARN_UNUSED_FUNCTION = YES;
				GCC_WARN_UNUSED_VARIABLE = YES;
				IPHONEOS_DEPLOYMENT_TARGET = 9.2;
				MTL_ENABLE_DEBUG_INFO = NO;
				SDKROOT = iphoneos;
				VALIDATE_PRODUCT = YES;
			};
			name = Release;
		};
		D0F001E91C8FA191007B1961 /* Debug */ = {
			isa = XCBuildConfiguration;
			buildSettings = {
				ASSETCATALOG_COMPILER_APPICON_NAME = AppIcon;
				CODE_SIGN_IDENTITY = "iPhone Developer";
				"CODE_SIGN_IDENTITY[sdk=iphoneos*]" = "iPhone Developer";
				INFOPLIST_FILE = GameCenterTestProject/Info.plist;
				IPHONEOS_DEPLOYMENT_TARGET = 8.1;
				LD_RUNPATH_SEARCH_PATHS = "$(inherited) @executable_path/Frameworks";
				PRODUCT_BUNDLE_IDENTIFIER = org.maripara.GameCenterTestProject;
				PRODUCT_NAME = "$(TARGET_NAME)";
				PROVISIONING_PROFILE = "";
			};
			name = Debug;
		};
		D0F001EA1C8FA191007B1961 /* Release */ = {
			isa = XCBuildConfiguration;
			buildSettings = {
				ASSETCATALOG_COMPILER_APPICON_NAME = AppIcon;
				CODE_SIGN_IDENTITY = "iPhone Developer";
				"CODE_SIGN_IDENTITY[sdk=iphoneos*]" = "iPhone Developer";
				INFOPLIST_FILE = GameCenterTestProject/Info.plist;
				IPHONEOS_DEPLOYMENT_TARGET = 8.1;
				LD_RUNPATH_SEARCH_PATHS = "$(inherited) @executable_path/Frameworks";
				PRODUCT_BUNDLE_IDENTIFIER = org.maripara.GameCenterTestProject;
				PRODUCT_NAME = "$(TARGET_NAME)";
				PROVISIONING_PROFILE = "";
			};
			name = Release;
		};
		D0F001EC1C8FA191007B1961 /* Debug */ = {
			isa = XCBuildConfiguration;
			buildSettings = {
				BUNDLE_LOADER = "$(TEST_HOST)";
				INFOPLIST_FILE = GameCenterTestProjectTests/Info.plist;
				LD_RUNPATH_SEARCH_PATHS = "$(inherited) @executable_path/Frameworks @loader_path/Frameworks";
				PRODUCT_BUNDLE_IDENTIFIER = org.maripara.GameCenterTestProjectTests;
				PRODUCT_NAME = "$(TARGET_NAME)";
				TEST_HOST = "$(BUILT_PRODUCTS_DIR)/GameCenterTestProject.app/GameCenterTestProject";
			};
			name = Debug;
		};
		D0F001ED1C8FA191007B1961 /* Release */ = {
			isa = XCBuildConfiguration;
			buildSettings = {
				BUNDLE_LOADER = "$(TEST_HOST)";
				INFOPLIST_FILE = GameCenterTestProjectTests/Info.plist;
				LD_RUNPATH_SEARCH_PATHS = "$(inherited) @executable_path/Frameworks @loader_path/Frameworks";
				PRODUCT_BUNDLE_IDENTIFIER = org.maripara.GameCenterTestProjectTests;
				PRODUCT_NAME = "$(TARGET_NAME)";
				TEST_HOST = "$(BUILT_PRODUCTS_DIR)/GameCenterTestProject.app/GameCenterTestProject";
			};
			name = Release;
		};
		D0F001EF1C8FA191007B1961 /* Debug */ = {
			isa = XCBuildConfiguration;
			buildSettings = {
				INFOPLIST_FILE = GameCenterTestProjectUITests/Info.plist;
				LD_RUNPATH_SEARCH_PATHS = "$(inherited) @executable_path/Frameworks @loader_path/Frameworks";
				PRODUCT_BUNDLE_IDENTIFIER = org.maripara.GameCenterTestProjectUITests;
				PRODUCT_NAME = "$(TARGET_NAME)";
				TEST_TARGET_NAME = GameCenterTestProject;
				USES_XCTRUNNER = YES;
			};
			name = Debug;
		};
		D0F001F01C8FA191007B1961 /* Release */ = {
			isa = XCBuildConfiguration;
			buildSettings = {
				INFOPLIST_FILE = GameCenterTestProjectUITests/Info.plist;
				LD_RUNPATH_SEARCH_PATHS = "$(inherited) @executable_path/Frameworks @loader_path/Frameworks";
				PRODUCT_BUNDLE_IDENTIFIER = org.maripara.GameCenterTestProjectUITests;
				PRODUCT_NAME = "$(TARGET_NAME)";
				TEST_TARGET_NAME = GameCenterTestProject;
				USES_XCTRUNNER = YES;
			};
			name = Release;
		};
/* End XCBuildConfiguration section */

/* Begin XCConfigurationList section */
		D0F001BB1C8FA191007B1961 /* Build configuration list for PBXProject "GameCenterTestProject" */ = {
			isa = XCConfigurationList;
			buildConfigurations = (
				D0F001E61C8FA191007B1961 /* Debug */,
				D0F001E71C8FA191007B1961 /* Release */,
			);
			defaultConfigurationIsVisible = 0;
			defaultConfigurationName = Release;
		};
		D0F001E81C8FA191007B1961 /* Build configuration list for PBXNativeTarget "GameCenterTestProject" */ = {
			isa = XCConfigurationList;
			buildConfigurations = (
				D0F001E91C8FA191007B1961 /* Debug */,
				D0F001EA1C8FA191007B1961 /* Release */,
			);
			defaultConfigurationIsVisible = 0;
		};
		D0F001EB1C8FA191007B1961 /* Build configuration list for PBXNativeTarget "GameCenterTestProjectTests" */ = {
			isa = XCConfigurationList;
			buildConfigurations = (
				D0F001EC1C8FA191007B1961 /* Debug */,
				D0F001ED1C8FA191007B1961 /* Release */,
			);
			defaultConfigurationIsVisible = 0;
		};
		D0F001EE1C8FA191007B1961 /* Build configuration list for PBXNativeTarget "GameCenterTestProjectUITests" */ = {
			isa = XCConfigurationList;
			buildConfigurations = (
				D0F001EF1C8FA191007B1961 /* Debug */,
				D0F001F01C8FA191007B1961 /* Release */,
			);
			defaultConfigurationIsVisible = 0;
		};
/* End XCConfigurationList section */
	};
	rootObject = D0F001B81C8FA191007B1961 /* Project object */;
}
